$ANSIBLE_VAULT;1.1;AES256
35386632383131333764353735363034353365386466623337333865303866336232323466613962
3633363637396363343134316438323064663430346666320a636235616330623864666338666163
32353262303436343530323835353539343765393064326334643463343834376462653565383731
3130333533326666640a356135383530393164373039386330393165616663366437396137643336
31313937303439366536653963663465346631363263323766373333343765356433
